
Microsoft Visual Studio Solution File, Format Version 12.00
# Visual Studio Version 16
VisualStudioVersion = 16.0.32002.261
MinimumVisualStudioVersion = 10.0.40219.1
Project("{FAE04EC0-301F-11D3-BF4B-00C04F79EFBC}") = "DelegatesPractice", "DelegatesPractice\DelegatesPractice.csproj", "{9F3576B4-0F56-4147-95B3-5AE7B08C7520}"
EndProject
Global
	GlobalSection(SolutionConfigurationPlatforms) = preSolution
		Debug|Any CPU = Debug|Any CPU
		Release|Any CPU = Release|Any CPU
	EndGlobalSection
	GlobalSection(ProjectConfigurationPlatforms) = postSolution
		{9F3576B4-0F56-4147-95B3-5AE7B08C7520}.Debug|Any CPU.ActiveCfg = Debug|Any CPU
		{9F3576B4-0F56-4147-95B3-5AE7B08C7520}.Debug|Any CPU.Build.0 = Debug|Any CPU
		{9F3576B4-0F56-4147-95B3-5AE7B08C7520}.Release|Any CPU.ActiveCfg = Release|Any CPU
		{9F3576B4-0F56-4147-95B3-5AE7B08C7520}.Release|Any CPU.Build.0 = Release|Any CPU
	EndGlobalSection
	GlobalSection(SolutionProperties) = preSolution
		HideSolutionNode = FALSE
	EndGlobalSection
	GlobalSection(ExtensibilityGlobals) = postSolution
		SolutionGuid = {955524C8-78CD-4181-BEB5-775C4CBC67C2}
	EndGlobalSection
EndGlobal
